# This is a Gradle generated file for dependency locking.
# Manual edits can break the build and are not advised.
# This file is expected to be part of source control.
com.google.code.gson:gson:2.8.9=runtimeClasspath
io.gitlab.arturbosch.detekt:detekt-gradle-plugin:1.23.8=compileClasspath,runtimeClasspath
org.freemarker:freemarker:2.3.32=runtimeClasspath
org.jetbrains.intellij.deps:coverage-report:1.0.25=runtimeClasspath
org.jetbrains.intellij.deps:intellij-coverage-agent:1.0.765=runtimeClasspath
org.jetbrains.intellij.deps:intellij-coverage-reporter:1.0.765=runtimeClasspath
org.jetbrains.intellij.deps:trove4j:1.0.20200330=kotlinBuildToolsApiClasspath,kotlinCompilerClasspath,runtimeClasspath
org.jetbrains.kotlin:kotlin-assignment-compiler-plugin-embeddable:2.0.21=kotlinCompilerPluginClasspathMain
org.jetbrains.kotlin:kotlin-build-common:2.0.21=kotlinBuildToolsApiClasspath
org.jetbrains.kotlin:kotlin-build-statistics:2.0.20=runtimeClasspath
org.jetbrains.kotlin:kotlin-build-tools-api:2.0.20=runtimeClasspath
org.jetbrains.kotlin:kotlin-build-tools-api:2.0.21=kotlinBuildToolsApiClasspath
org.jetbrains.kotlin:kotlin-build-tools-impl:2.0.21=kotlinBuildToolsApiClasspath
org.jetbrains.kotlin:kotlin-compiler-embeddable:2.0.20=runtimeClasspath
org.jetbrains.kotlin:kotlin-compiler-embeddable:2.0.21=kotlinBuildToolsApiClasspath,kotlinCompilerClasspath
org.jetbrains.kotlin:kotlin-compiler-runner:2.0.20=runtimeClasspath
org.jetbrains.kotlin:kotlin-compiler-runner:2.0.21=kotlinBuildToolsApiClasspath
org.jetbrains.kotlin:kotlin-daemon-client:2.0.20=runtimeClasspath
org.jetbrains.kotlin:kotlin-daemon-client:2.0.21=kotlinBuildToolsApiClasspath
org.jetbrains.kotlin:kotlin-daemon-embeddable:2.0.20=runtimeClasspath
org.jetbrains.kotlin:kotlin-daemon-embeddable:2.0.21=kotlinBuildToolsApiClasspath,kotlinCompilerClasspath
org.jetbrains.kotlin:kotlin-gradle-plugin-annotations:2.0.20=compileClasspath,runtimeClasspath
org.jetbrains.kotlin:kotlin-gradle-plugin-api:2.0.20=compileClasspath,runtimeClasspath
org.jetbrains.kotlin:kotlin-gradle-plugin-idea-proto:2.0.20=runtimeClasspath
org.jetbrains.kotlin:kotlin-gradle-plugin-idea:2.0.20=runtimeClasspath
org.jetbrains.kotlin:kotlin-gradle-plugin-model:2.0.20=compileClasspath,runtimeClasspath
org.jetbrains.kotlin:kotlin-gradle-plugin:2.0.20=compileClasspath,runtimeClasspath
org.jetbrains.kotlin:kotlin-gradle-plugins-bom:2.0.20=compileClasspath,runtimeClasspath
org.jetbrains.kotlin:kotlin-klib-commonizer-api:2.0.20=runtimeClasspath
org.jetbrains.kotlin:kotlin-native-utils:2.0.20=compileClasspath,runtimeClasspath
org.jetbrains.kotlin:kotlin-reflect:1.6.10=kotlinBuildToolsApiClasspath,kotlinCompilerClasspath
org.jetbrains.kotlin:kotlin-reflect:2.0.21=compileClasspath
org.jetbrains.kotlin:kotlin-sam-with-receiver-compiler-plugin-embeddable:2.0.21=kotlinCompilerPluginClasspathMain
org.jetbrains.kotlin:kotlin-script-runtime:2.0.21=compilePluginsBlocksPluginClasspathElements,kotlinBuildToolsApiClasspath,kotlinCompilerClasspath,kotlinCompilerPluginClasspathMain
org.jetbrains.kotlin:kotlin-scripting-common:2.0.21=compilePluginsBlocksPluginClasspathElements,kotlinBuildToolsApiClasspath,kotlinCompilerPluginClasspathMain
org.jetbrains.kotlin:kotlin-scripting-compiler-embeddable:2.0.21=compilePluginsBlocksPluginClasspathElements,kotlinBuildToolsApiClasspath,kotlinCompilerPluginClasspathMain
org.jetbrains.kotlin:kotlin-scripting-compiler-impl-embeddable:2.0.21=compilePluginsBlocksPluginClasspathElements,kotlinBuildToolsApiClasspath,kotlinCompilerPluginClasspathMain
org.jetbrains.kotlin:kotlin-scripting-jvm:2.0.21=compilePluginsBlocksPluginClasspathElements,kotlinBuildToolsApiClasspath,kotlinCompilerPluginClasspathMain
org.jetbrains.kotlin:kotlin-stdlib:2.0.21=compileClasspath,compilePluginsBlocksPluginClasspathElements,kotlinBuildToolsApiClasspath,kotlinCompilerClasspath,kotlinCompilerPluginClasspathMain,runtimeClasspath
org.jetbrains.kotlin:kotlin-tooling-core:2.0.20=compileClasspath,runtimeClasspath
org.jetbrains.kotlin:kotlin-util-io:2.0.20=compileClasspath,runtimeClasspath
org.jetbrains.kotlin:kotlin-util-klib:2.0.20=compileClasspath,runtimeClasspath
org.jetbrains.kotlinx.kover:org.jetbrains.kotlinx.kover.gradle.plugin:0.9.1=compileClasspath,runtimeClasspath
org.jetbrains.kotlinx:kotlinx-coroutines-core-jvm:1.6.4=kotlinBuildToolsApiClasspath,kotlinCompilerClasspath,runtimeClasspath
org.jetbrains.kotlinx:kover-features-jvm:0.9.1=runtimeClasspath
org.jetbrains.kotlinx:kover-gradle-plugin:0.9.1=compileClasspath,runtimeClasspath
org.jetbrains.kotlinx:kover-jvm-agent:0.9.1=runtimeClasspath
org.jetbrains:annotations:13.0=compileClasspath,compilePluginsBlocksPluginClasspathElements,kotlinBuildToolsApiClasspath,kotlinCompilerClasspath,kotlinCompilerPluginClasspathMain
org.jetbrains:annotations:16.0.2=runtimeClasspath
empty=annotationProcessor,kotlinScriptDefExtensions
