# This is a Gradle generated file for dependency locking.
# Manual edits can break the build and are not advised.
# This file is expected to be part of source control.
com.fasterxml.jackson.core:jackson-annotations:2.12.7=dokkaGfmPartialPlugin,dokkaGfmPartialRuntime,dokkaGfmPlugin,dokkaGfmRuntime,dokkaHtmlPartialPlugin,dokkaHtmlPartialRuntime,dokkaHtmlPlugin,dokkaHtmlRuntime,dokkaJavadocPartialPlugin,dokkaJavadocPartialRuntime,dokkaJavadocPlugin,dokkaJavadocRuntime,dokkaJekyllPartialPlugin,dokkaJekyllPartialRuntime,dokkaJekyllPlugin,dokkaJekyllRuntime
com.fasterxml.jackson.core:jackson-core:2.12.7=dokkaGfmPartialPlugin,dokkaGfmPartialRuntime,dokkaGfmPlugin,dokkaGfmRuntime,dokkaHtmlPartialPlugin,dokkaHtmlPartialRuntime,dokkaHtmlPlugin,dokkaHtmlRuntime,dokkaJavadocPartialPlugin,dokkaJavadocPartialRuntime,dokkaJavadocPlugin,dokkaJavadocRuntime,dokkaJekyllPartialPlugin,dokkaJekyllPartialRuntime,dokkaJekyllPlugin,dokkaJekyllRuntime
com.fasterxml.jackson.core:jackson-databind:2.12.7.1=dokkaGfmPartialPlugin,dokkaGfmPartialRuntime,dokkaGfmPlugin,dokkaGfmRuntime,dokkaHtmlPartialPlugin,dokkaHtmlPartialRuntime,dokkaHtmlPlugin,dokkaHtmlRuntime,dokkaJavadocPartialPlugin,dokkaJavadocPartialRuntime,dokkaJavadocPlugin,dokkaJavadocRuntime,dokkaJekyllPartialPlugin,dokkaJekyllPartialRuntime,dokkaJekyllPlugin,dokkaJekyllRuntime
com.fasterxml.jackson.dataformat:jackson-dataformat-xml:2.12.7=dokkaGfmPartialRuntime,dokkaGfmRuntime,dokkaHtmlPartialRuntime,dokkaHtmlRuntime,dokkaJavadocPartialRuntime,dokkaJavadocRuntime,dokkaJekyllPartialRuntime,dokkaJekyllRuntime
com.fasterxml.jackson.module:jackson-module-jaxb-annotations:2.12.7=dokkaGfmPartialRuntime,dokkaGfmRuntime,dokkaHtmlPartialRuntime,dokkaHtmlRuntime,dokkaJavadocPartialRuntime,dokkaJavadocRuntime,dokkaJekyllPartialRuntime,dokkaJekyllRuntime
com.fasterxml.jackson.module:jackson-module-kotlin:2.12.7=dokkaGfmPartialPlugin,dokkaGfmPartialRuntime,dokkaGfmPlugin,dokkaGfmRuntime,dokkaHtmlPartialPlugin,dokkaHtmlPartialRuntime,dokkaHtmlPlugin,dokkaHtmlRuntime,dokkaJavadocPartialPlugin,dokkaJavadocPartialRuntime,dokkaJavadocPlugin,dokkaJavadocRuntime,dokkaJekyllPartialPlugin,dokkaJekyllPartialRuntime,dokkaJekyllPlugin,dokkaJekyllRuntime
com.fasterxml.jackson:jackson-bom:2.12.7=dokkaGfmPartialPlugin,dokkaGfmPartialRuntime,dokkaGfmPlugin,dokkaGfmRuntime,dokkaHtmlPartialPlugin,dokkaHtmlPartialRuntime,dokkaHtmlPlugin,dokkaHtmlRuntime,dokkaJavadocPartialPlugin,dokkaJavadocPartialRuntime,dokkaJavadocPlugin,dokkaJavadocRuntime,dokkaJekyllPartialPlugin,dokkaJekyllPartialRuntime,dokkaJekyllPlugin,dokkaJekyllRuntime
com.fasterxml.woodstox:woodstox-core:6.2.4=dokkaGfmPartialRuntime,dokkaGfmRuntime,dokkaHtmlPartialRuntime,dokkaHtmlRuntime,dokkaJavadocPartialRuntime,dokkaJavadocRuntime,dokkaJekyllPartialRuntime,dokkaJekyllRuntime
com.github.ajalt:colormath:1.2.0=jvmTestCompileClasspath,jvmTestRuntimeClasspath
com.github.ajalt:mordant:1.2.1=jvmTestCompileClasspath,jvmTestRuntimeClasspath
com.github.curious-odd-man:rgxgen:1.4=jvmTestCompileClasspath,jvmTestRuntimeClasspath
io.github.classgraph:classgraph:4.8.157=jvmTestCompileClasspath,jvmTestRuntimeClasspath
io.github.java-diff-utils:java-diff-utils:4.12=jvmTestRuntimeClasspath
io.kotest:kotest-assertions-api-jvm:5.6.0=jvmTestCompileClasspath,jvmTestRuntimeClasspath
io.kotest:kotest-assertions-api:5.6.0=commonTestImplementationDependenciesMetadata,jvmTestCompileClasspath,jvmTestRuntimeClasspath
io.kotest:kotest-assertions-core-jvm:5.6.0=jvmTestCompileClasspath,jvmTestRuntimeClasspath
io.kotest:kotest-assertions-core:5.6.0=commonTestImplementationDependenciesMetadata,jvmTestCompileClasspath,jvmTestRuntimeClasspath
io.kotest:kotest-assertions-shared-jvm:5.6.0=jvmTestCompileClasspath,jvmTestRuntimeClasspath
io.kotest:kotest-assertions-shared:5.6.0=commonTestImplementationDependenciesMetadata,jvmTestCompileClasspath,jvmTestRuntimeClasspath
io.kotest:kotest-common-jvm:5.6.0=jvmTestCompileClasspath,jvmTestRuntimeClasspath
io.kotest:kotest-common:5.6.0=commonTestImplementationDependenciesMetadata,jvmTestCompileClasspath,jvmTestRuntimeClasspath
io.kotest:kotest-extensions-jvm:5.6.0=jvmTestCompileClasspath,jvmTestRuntimeClasspath
io.kotest:kotest-extensions:5.6.0=jvmTestCompileClasspath,jvmTestRuntimeClasspath
io.kotest:kotest-framework-api-jvm:5.6.0=jvmTestCompileClasspath,jvmTestRuntimeClasspath
io.kotest:kotest-framework-api:5.6.0=commonTestImplementationDependenciesMetadata,jvmTestCompileClasspath,jvmTestRuntimeClasspath
io.kotest:kotest-framework-concurrency-jvm:5.6.0=jvmTestCompileClasspath,jvmTestRuntimeClasspath
io.kotest:kotest-framework-concurrency:5.6.0=jvmTestCompileClasspath,jvmTestRuntimeClasspath
io.kotest:kotest-framework-discovery-jvm:5.6.0=jvmTestCompileClasspath,jvmTestRuntimeClasspath
io.kotest:kotest-framework-discovery:5.6.0=jvmTestCompileClasspath,jvmTestRuntimeClasspath
io.kotest:kotest-framework-engine-jvm:5.6.0=jvmTestCompileClasspath,jvmTestRuntimeClasspath
io.kotest:kotest-framework-engine:5.6.0=commonTestImplementationDependenciesMetadata,jvmTestCompileClasspath,jvmTestRuntimeClasspath
io.kotest:kotest-property-jvm:5.6.0=jvmTestCompileClasspath,jvmTestRuntimeClasspath
io.kotest:kotest-property:5.6.0=commonTestImplementationDependenciesMetadata,jvmTestCompileClasspath,jvmTestRuntimeClasspath
io.kotest:kotest-runner-junit5-jvm:5.6.0=jvmTestCompileClasspath,jvmTestImplementationDependenciesMetadata,jvmTestRuntimeClasspath
jakarta.activation:jakarta.activation-api:1.2.1=dokkaGfmPartialRuntime,dokkaGfmRuntime,dokkaHtmlPartialRuntime,dokkaHtmlRuntime,dokkaJavadocPartialRuntime,dokkaJavadocRuntime,dokkaJekyllPartialRuntime,dokkaJekyllRuntime
jakarta.xml.bind:jakarta.xml.bind-api:2.3.2=dokkaGfmPartialRuntime,dokkaGfmRuntime,dokkaHtmlPartialRuntime,dokkaHtmlRuntime,dokkaJavadocPartialRuntime,dokkaJavadocRuntime,dokkaJekyllPartialRuntime,dokkaJekyllRuntime
net.bytebuddy:byte-buddy-agent:1.10.9=jvmTestRuntimeClasspath
net.bytebuddy:byte-buddy:1.10.9=jvmTestRuntimeClasspath
net.java.dev.jna:jna-platform:5.9.0=jvmTestRuntimeClasspath
net.java.dev.jna:jna:5.6.0=kotlinCompilerClasspath,kotlinKlibCommonizerClasspath
net.java.dev.jna:jna:5.9.0=jvmTestRuntimeClasspath
org.apiguardian:apiguardian-api:1.1.2=jvmTestCompileClasspath,jvmTestImplementationDependenciesMetadata
org.codehaus.woodstox:stax2-api:4.2.1=dokkaGfmPartialRuntime,dokkaGfmRuntime,dokkaHtmlPartialRuntime,dokkaHtmlRuntime,dokkaJavadocPartialRuntime,dokkaJavadocRuntime,dokkaJekyllPartialRuntime,dokkaJekyllRuntime
org.freemarker:freemarker:2.3.31=dokkaGfmPartialPlugin,dokkaGfmPlugin,dokkaHtmlPartialPlugin,dokkaHtmlPlugin,dokkaJavadocPartialPlugin,dokkaJavadocPlugin,dokkaJekyllPartialPlugin,dokkaJekyllPlugin
org.jetbrains.dokka:dokka-analysis:1.8.10=dokkaGfmPartialPlugin,dokkaGfmPlugin,dokkaHtmlPartialPlugin,dokkaHtmlPlugin,dokkaJavadocPartialPlugin,dokkaJavadocPlugin,dokkaJekyllPartialPlugin,dokkaJekyllPlugin
org.jetbrains.dokka:dokka-base:1.8.10=dokkaGfmPartialPlugin,dokkaGfmPlugin,dokkaHtmlPartialPlugin,dokkaHtmlPlugin,dokkaJavadocPartialPlugin,dokkaJavadocPlugin,dokkaJekyllPartialPlugin,dokkaJekyllPlugin
org.jetbrains.dokka:dokka-core:1.8.10=dokkaGfmPartialRuntime,dokkaGfmRuntime,dokkaHtmlPartialRuntime,dokkaHtmlRuntime,dokkaJavadocPartialRuntime,dokkaJavadocRuntime,dokkaJekyllPartialRuntime,dokkaJekyllRuntime
org.jetbrains.dokka:kotlin-analysis-compiler:1.8.10=dokkaGfmPartialPlugin,dokkaGfmPlugin,dokkaHtmlPartialPlugin,dokkaHtmlPlugin,dokkaJavadocPartialPlugin,dokkaJavadocPlugin,dokkaJekyllPartialPlugin,dokkaJekyllPlugin
org.jetbrains.dokka:kotlin-analysis-intellij:1.8.10=dokkaGfmPartialPlugin,dokkaGfmPlugin,dokkaHtmlPartialPlugin,dokkaHtmlPlugin,dokkaJavadocPartialPlugin,dokkaJavadocPlugin,dokkaJekyllPartialPlugin,dokkaJekyllPlugin
org.jetbrains.intellij.deps:trove4j:1.0.20200330=kotlinCompilerClasspath,kotlinKlibCommonizerClasspath
org.jetbrains.kotlin:kotlin-compiler-embeddable:1.8.10=kotlinCompilerClasspath,kotlinKlibCommonizerClasspath
org.jetbrains.kotlin:kotlin-daemon-embeddable:1.8.10=kotlinCompilerClasspath,kotlinKlibCommonizerClasspath
org.jetbrains.kotlin:kotlin-klib-commonizer-embeddable:1.8.10=kotlinKlibCommonizerClasspath
org.jetbrains.kotlin:kotlin-reflect:1.6.10=kotlinCompilerClasspath,kotlinKlibCommonizerClasspath
org.jetbrains.kotlin:kotlin-reflect:1.8.10=dokkaGfmPartialPlugin,dokkaGfmPartialRuntime,dokkaGfmPlugin,dokkaGfmRuntime,dokkaHtmlPartialPlugin,dokkaHtmlPartialRuntime,dokkaHtmlPlugin,dokkaHtmlRuntime,dokkaJavadocPartialPlugin,dokkaJavadocPartialRuntime,dokkaJavadocPlugin,dokkaJavadocRuntime,dokkaJekyllPartialPlugin,dokkaJekyllPartialRuntime,dokkaJekyllPlugin,dokkaJekyllRuntime,jvmTestRuntimeClasspath
org.jetbrains.kotlin:kotlin-script-runtime:1.8.10=kotlinCompilerClasspath,kotlinCompilerPluginClasspathJvmMain,kotlinCompilerPluginClasspathJvmTest,kotlinCompilerPluginClasspathMetadataCommonMain,kotlinCompilerPluginClasspathMetadataMain,kotlinKlibCommonizerClasspath
org.jetbrains.kotlin:kotlin-scripting-common:1.8.10=kotlinCompilerPluginClasspathJvmMain,kotlinCompilerPluginClasspathJvmTest,kotlinCompilerPluginClasspathMetadataCommonMain,kotlinCompilerPluginClasspathMetadataMain
org.jetbrains.kotlin:kotlin-scripting-compiler-embeddable:1.8.10=kotlinCompilerPluginClasspathJvmMain,kotlinCompilerPluginClasspathJvmTest,kotlinCompilerPluginClasspathMetadataCommonMain,kotlinCompilerPluginClasspathMetadataMain
org.jetbrains.kotlin:kotlin-scripting-compiler-impl-embeddable:1.8.10=kotlinCompilerPluginClasspathJvmMain,kotlinCompilerPluginClasspathJvmTest,kotlinCompilerPluginClasspathMetadataCommonMain,kotlinCompilerPluginClasspathMetadataMain
org.jetbrains.kotlin:kotlin-scripting-jvm:1.8.10=kotlinCompilerPluginClasspathJvmMain,kotlinCompilerPluginClasspathJvmTest,kotlinCompilerPluginClasspathMetadataCommonMain,kotlinCompilerPluginClasspathMetadataMain
org.jetbrains.kotlin:kotlin-stdlib-common:1.8.10=allSourceSetsCompileDependenciesMetadata,allSourceSetsRuntimeDependenciesMetadata,commonMainApiDependenciesMetadata,commonTestApiDependenciesMetadata,commonTestImplementationDependenciesMetadata,dokkaGfmPartialPlugin,dokkaGfmPartialRuntime,dokkaGfmPlugin,dokkaGfmRuntime,dokkaHtmlPartialPlugin,dokkaHtmlPartialRuntime,dokkaHtmlPlugin,dokkaHtmlRuntime,dokkaJavadocPartialPlugin,dokkaJavadocPartialRuntime,dokkaJavadocPlugin,dokkaJavadocRuntime,dokkaJekyllPartialPlugin,dokkaJekyllPartialRuntime,dokkaJekyllPlugin,dokkaJekyllRuntime,kotlinCompilerClasspath,kotlinCompilerPluginClasspathJvmMain,kotlinCompilerPluginClasspathJvmTest,kotlinCompilerPluginClasspathMetadataCommonMain,kotlinCompilerPluginClasspathMetadataMain,kotlinKlibCommonizerClasspath,metadataCommonMainCompileClasspath,metadataCompileClasspath
org.jetbrains.kotlin:kotlin-stdlib-jdk7:1.8.10=dokkaGfmPartialPlugin,dokkaGfmPartialRuntime,dokkaGfmPlugin,dokkaGfmRuntime,dokkaHtmlPartialPlugin,dokkaHtmlPartialRuntime,dokkaHtmlPlugin,dokkaHtmlRuntime,dokkaJavadocPartialPlugin,dokkaJavadocPartialRuntime,dokkaJavadocPlugin,dokkaJavadocRuntime,dokkaJekyllPartialPlugin,dokkaJekyllPartialRuntime,dokkaJekyllPlugin,dokkaJekyllRuntime,jvmCompileClasspath,jvmMainApiDependenciesMetadata,jvmRuntimeClasspath,jvmTestCompileClasspath,jvmTestImplementationDependenciesMetadata,jvmTestRuntimeClasspath
org.jetbrains.kotlin:kotlin-stdlib-jdk8:1.8.10=dokkaGfmPartialPlugin,dokkaGfmPartialRuntime,dokkaGfmPlugin,dokkaGfmRuntime,dokkaHtmlPartialPlugin,dokkaHtmlPartialRuntime,dokkaHtmlPlugin,dokkaHtmlRuntime,dokkaJavadocPartialPlugin,dokkaJavadocPartialRuntime,dokkaJavadocPlugin,dokkaJavadocRuntime,dokkaJekyllPartialPlugin,dokkaJekyllPartialRuntime,dokkaJekyllPlugin,dokkaJekyllRuntime,jvmCompileClasspath,jvmMainApiDependenciesMetadata,jvmRuntimeClasspath,jvmTestCompileClasspath,jvmTestImplementationDependenciesMetadata,jvmTestRuntimeClasspath
org.jetbrains.kotlin:kotlin-stdlib:1.8.10=dokkaGfmPartialPlugin,dokkaGfmPartialRuntime,dokkaGfmPlugin,dokkaGfmRuntime,dokkaHtmlPartialPlugin,dokkaHtmlPartialRuntime,dokkaHtmlPlugin,dokkaHtmlRuntime,dokkaJavadocPartialPlugin,dokkaJavadocPartialRuntime,dokkaJavadocPlugin,dokkaJavadocRuntime,dokkaJekyllPartialPlugin,dokkaJekyllPartialRuntime,dokkaJekyllPlugin,dokkaJekyllRuntime,jvmCompileClasspath,jvmMainApiDependenciesMetadata,jvmRuntimeClasspath,jvmTestCompileClasspath,jvmTestImplementationDependenciesMetadata,jvmTestRuntimeClasspath,kotlinCompilerClasspath,kotlinCompilerPluginClasspathJvmMain,kotlinCompilerPluginClasspathJvmTest,kotlinCompilerPluginClasspathMetadataCommonMain,kotlinCompilerPluginClasspathMetadataMain,kotlinKlibCommonizerClasspath
org.jetbrains.kotlin:kotlin-test-annotations-common:1.8.10=commonTestImplementationDependenciesMetadata
org.jetbrains.kotlin:kotlin-test-common:1.8.10=commonTestImplementationDependenciesMetadata
org.jetbrains.kotlin:kotlin-test-junit5:1.8.10=jvmTestCompileClasspath,jvmTestRuntimeClasspath
org.jetbrains.kotlin:kotlin-test:1.8.10=commonTestImplementationDependenciesMetadata,jvmTestCompileClasspath,jvmTestImplementationDependenciesMetadata,jvmTestRuntimeClasspath
org.jetbrains.kotlinx:kotlinx-coroutines-bom:1.6.3=dokkaGfmPartialPlugin,dokkaGfmPartialRuntime,dokkaGfmPlugin,dokkaGfmRuntime,dokkaHtmlPartialPlugin,dokkaHtmlPartialRuntime,dokkaHtmlPlugin,dokkaHtmlRuntime,dokkaJavadocPartialPlugin,dokkaJavadocPartialRuntime,dokkaJavadocPlugin,dokkaJavadocRuntime,dokkaJekyllPartialPlugin,dokkaJekyllPartialRuntime,dokkaJekyllPlugin,dokkaJekyllRuntime
org.jetbrains.kotlinx:kotlinx-coroutines-bom:1.6.4=jvmTestCompileClasspath,jvmTestRuntimeClasspath
org.jetbrains.kotlinx:kotlinx-coroutines-core-jvm:1.6.3=dokkaGfmPartialPlugin,dokkaGfmPartialRuntime,dokkaGfmPlugin,dokkaGfmRuntime,dokkaHtmlPartialPlugin,dokkaHtmlPartialRuntime,dokkaHtmlPlugin,dokkaHtmlRuntime,dokkaJavadocPartialPlugin,dokkaJavadocPartialRuntime,dokkaJavadocPlugin,dokkaJavadocRuntime,dokkaJekyllPartialPlugin,dokkaJekyllPartialRuntime,dokkaJekyllPlugin,dokkaJekyllRuntime
org.jetbrains.kotlinx:kotlinx-coroutines-core-jvm:1.6.4=jvmTestCompileClasspath,jvmTestRuntimeClasspath
org.jetbrains.kotlinx:kotlinx-coroutines-core:1.6.3=dokkaGfmPartialPlugin,dokkaGfmPartialRuntime,dokkaGfmPlugin,dokkaGfmRuntime,dokkaHtmlPartialPlugin,dokkaHtmlPartialRuntime,dokkaHtmlPlugin,dokkaHtmlRuntime,dokkaJavadocPartialPlugin,dokkaJavadocPartialRuntime,dokkaJavadocPlugin,dokkaJavadocRuntime,dokkaJekyllPartialPlugin,dokkaJekyllPartialRuntime,dokkaJekyllPlugin,dokkaJekyllRuntime
org.jetbrains.kotlinx:kotlinx-coroutines-core:1.6.4=commonTestImplementationDependenciesMetadata,jvmTestCompileClasspath,jvmTestRuntimeClasspath
org.jetbrains.kotlinx:kotlinx-coroutines-debug:1.6.4=jvmTestRuntimeClasspath
org.jetbrains.kotlinx:kotlinx-coroutines-jdk8:1.6.4=jvmTestRuntimeClasspath
org.jetbrains.kotlinx:kotlinx-coroutines-test-jvm:1.6.4=jvmTestCompileClasspath,jvmTestRuntimeClasspath
org.jetbrains.kotlinx:kotlinx-coroutines-test:1.6.4=commonTestImplementationDependenciesMetadata,jvmTestCompileClasspath,jvmTestRuntimeClasspath
org.jetbrains.kotlinx:kotlinx-html-jvm:0.7.5=dokkaGfmPartialPlugin,dokkaGfmPlugin,dokkaHtmlPartialPlugin,dokkaHtmlPlugin,dokkaJavadocPartialPlugin,dokkaJavadocPlugin,dokkaJekyllPartialPlugin,dokkaJekyllPlugin
org.jetbrains:annotations:13.0=dokkaGfmPartialPlugin,dokkaGfmPartialRuntime,dokkaGfmPlugin,dokkaGfmRuntime,dokkaHtmlPartialPlugin,dokkaHtmlPartialRuntime,dokkaHtmlPlugin,dokkaHtmlRuntime,dokkaJavadocPartialPlugin,dokkaJavadocPartialRuntime,dokkaJavadocPlugin,dokkaJavadocRuntime,dokkaJekyllPartialPlugin,dokkaJekyllPartialRuntime,dokkaJekyllPlugin,dokkaJekyllRuntime,jvmCompileClasspath,jvmMainApiDependenciesMetadata,jvmRuntimeClasspath,jvmTestCompileClasspath,jvmTestImplementationDependenciesMetadata,jvmTestRuntimeClasspath,kotlinCompilerClasspath,kotlinCompilerPluginClasspathJvmMain,kotlinCompilerPluginClasspathJvmTest,kotlinCompilerPluginClasspathMetadataCommonMain,kotlinCompilerPluginClasspathMetadataMain,kotlinKlibCommonizerClasspath
org.jetbrains:markdown-jvm:0.3.1=dokkaGfmPartialRuntime,dokkaGfmRuntime,dokkaHtmlPartialRuntime,dokkaHtmlRuntime,dokkaJavadocPartialRuntime,dokkaJavadocRuntime,dokkaJekyllPartialRuntime,dokkaJekyllRuntime
org.jetbrains:markdown:0.3.1=dokkaGfmPartialRuntime,dokkaGfmRuntime,dokkaHtmlPartialRuntime,dokkaHtmlRuntime,dokkaJavadocPartialRuntime,dokkaJavadocRuntime,dokkaJekyllPartialRuntime,dokkaJekyllRuntime
org.jsoup:jsoup:1.15.3=dokkaGfmPartialPlugin,dokkaGfmPartialRuntime,dokkaGfmPlugin,dokkaGfmRuntime,dokkaHtmlPartialPlugin,dokkaHtmlPartialRuntime,dokkaHtmlPlugin,dokkaHtmlRuntime,dokkaJavadocPartialPlugin,dokkaJavadocPartialRuntime,dokkaJavadocPlugin,dokkaJavadocRuntime,dokkaJekyllPartialPlugin,dokkaJekyllPartialRuntime,dokkaJekyllPlugin,dokkaJekyllRuntime
org.junit.jupiter:junit-jupiter-api:5.8.2=jvmTestCompileClasspath,jvmTestImplementationDependenciesMetadata,jvmTestRuntimeClasspath
org.junit.jupiter:junit-jupiter-engine:5.8.2=jvmTestRuntimeClasspath
org.junit.platform:junit-platform-commons:1.8.2=jvmTestCompileClasspath,jvmTestImplementationDependenciesMetadata,jvmTestRuntimeClasspath
org.junit.platform:junit-platform-engine:1.8.2=jvmTestCompileClasspath,jvmTestImplementationDependenciesMetadata,jvmTestRuntimeClasspath
org.junit.platform:junit-platform-launcher:1.8.2=jvmTestCompileClasspath,jvmTestImplementationDependenciesMetadata,jvmTestRuntimeClasspath
org.junit.platform:junit-platform-suite-api:1.8.2=jvmTestCompileClasspath,jvmTestImplementationDependenciesMetadata,jvmTestRuntimeClasspath
org.junit:junit-bom:5.8.2=jvmTestCompileClasspath,jvmTestImplementationDependenciesMetadata,jvmTestRuntimeClasspath
org.opentest4j:opentest4j:1.2.0=jvmTestCompileClasspath,jvmTestImplementationDependenciesMetadata,jvmTestRuntimeClasspath
empty=annotationProcessor,archives,commonMainCompileOnlyDependenciesMetadata,commonMainImplementationDependenciesMetadata,commonMainIntransitiveDependenciesMetadata,commonMainRuntimeOnlyDependenciesMetadata,commonTestCompileOnlyDependenciesMetadata,commonTestIntransitiveDependenciesMetadata,commonTestRuntimeOnlyDependenciesMetadata,compileClasspath,default,dokkaPlugin,dokkaRuntime,jvmMainCompileOnlyDependenciesMetadata,jvmMainImplementationDependenciesMetadata,jvmMainIntransitiveDependenciesMetadata,jvmMainRuntimeOnlyDependenciesMetadata,jvmTestApiDependenciesMetadata,jvmTestCompileOnlyDependenciesMetadata,jvmTestIntransitiveDependenciesMetadata,jvmTestRuntimeOnlyDependenciesMetadata,kotlinCompilerPluginClasspath,kotlinNativeCompilerPluginClasspath,kotlinScriptDef,kotlinScriptDefExtensions,runtimeClasspath,signatures,testAnnotationProcessor,testCompileClasspath,testKotlinScriptDef,testKotlinScriptDefExtensions,testRuntimeClasspath
